
Microsoft Visual Studio Solution File, Format Version 12.00
# Visual Studio Version 16
VisualStudioVersion = 16.0.29009.5
MinimumVisualStudioVersion = 10.0.40219.1
Project("{FAE04EC0-301F-11D3-BF4B-00C04F79EFBC}") = "Search", "Search.csproj", "{2DB4FE46-18F5-4798-9BD6-4F5146D3CE19}"
EndProject
Global
	GlobalSection(SolutionConfigurationPlatforms) = preSolution
		Debug|Any CPU = Debug|Any CPU
		Release|Any CPU = Release|Any CPU
	EndGlobalSection
	GlobalSection(ProjectConfigurationPlatforms) = postSolution
		{2DB4FE46-18F5-4798-9BD6-4F5146D3CE19}.Debug|Any CPU.ActiveCfg = Debug|Any CPU
		{2DB4FE46-18F5-4798-9BD6-4F5146D3CE19}.Debug|Any CPU.Build.0 = Debug|Any CPU
		{2DB4FE46-18F5-4798-9BD6-4F5146D3CE19}.Release|Any CPU.ActiveCfg = Release|Any CPU
		{2DB4FE46-18F5-4798-9BD6-4F5146D3CE19}.Release|Any CPU.Build.0 = Release|Any CPU
	EndGlobalSection
	GlobalSection(SolutionProperties) = preSolution
		HideSolutionNode = FALSE
	EndGlobalSection
	GlobalSection(ExtensibilityGlobals) = postSolution
		SolutionGuid = {80EE1FED-0C4A-41A6-A534-C11C6E99076D}
	EndGlobalSection
EndGlobal
